// !$*UTF8*$!
{
	archiveVersion = 1;
	classes = {
	};
	objectVersion = 77;
	objects = {

/* Begin PBXBuildFile section */
		0749E82F4BE132C75CB6089F /* KnownAppSchemes.swift in Sources */ = {isa = PBXBuildFile; fileRef = 123A6A9502A15BA8521AF1CF /* KnownAppSchemes.swift */; };
		0DF249C88D15D25156EAA15A /* SpeedBenchTests.swift in Sources */ = {isa = PBXBuildFile; fileRef = 2F4F95335E89E31053D2FCF2 /* SpeedBenchTests.swift */; };
		0FB05BB4BBAD6CA4AD47205C /* VoiceBridge.swift in Sources */ = {isa = PBXBuildFile; fileRef = B6B1163414890F74B925A2EE /* VoiceBridge.swift */; };
		13731A3FFCCE70A61F751C43 /* Assets.xcassets in Resources */ = {isa = PBXBuildFile; fileRef = 020DC5181D800FE0A2809A0A /* Assets.xcassets */; };
		138C08076C498E0C1623180B /* IOSSecretStore.swift in Sources */ = {isa = PBXBuildFile; fileRef = 3664A4F1091CCA4931F14A8D /* IOSSecretStore.swift */; };
		1B5590E6B1C6178BFB301983 /* UTUVOTypeCore in Frameworks */ = {isa = PBXBuildFile; productRef = B317D0E8ED7CEEFD7EDA6DF9 /* UTUVOTypeCore */; };
		1C042A2C20D7A6338752D1A2 /* PrivacyInfo.xcprivacy in Resources */ = {isa = PBXBuildFile; fileRef = 8E177C586B87735863CCF64A /* PrivacyInfo.xcprivacy */; };
		219D35619DD3800FC4E4868A /* HistoryGrouping.swift in Sources */ = {isa = PBXBuildFile; fileRef = 2104BC2CA42ED058CF9E673F /* HistoryGrouping.swift */; };
		21C0721A92650E0295AE6997 /* RecognitionRouteTests.swift in Sources */ = {isa = PBXBuildFile; fileRef = D52A8817A11663573EE47575 /* RecognitionRouteTests.swift */; };
		2A44E1ABA6E6209DADA86738 /* IncrementalInsert.swift in Sources */ = {isa = PBXBuildFile; fileRef = 130CF1A3271CFB5BD2399ED7 /* IncrementalInsert.swift */; };
		2C9E3E41E0ACC72FF538110D /* DictationModel.swift in Sources */ = {isa = PBXBuildFile; fileRef = C8B6D3A506BD997A2ACFE627 /* DictationModel.swift */; };
		2F41F7C4C19FB368CD4B95D8 /* DictionaryStore.swift in Sources */ = {isa = PBXBuildFile; fileRef = D408072BA3212A1784D9A225 /* DictionaryStore.swift */; };
		30F0C10E1E8B6EFA7B747DFB /* TranslationService.swift in Sources */ = {isa = PBXBuildFile; fileRef = 4843DBBC5680A8BAC3B88C68 /* TranslationService.swift */; };
		3646B3C7ED37B640C9AB3184 /* HostPidTable.swift in Sources */ = {isa = PBXBuildFile; fileRef = 15807760D56745C2FC091A38 /* HostPidTable.swift */; };
		36628DCAD4FE59B2C0074EEA /* Pipeline.swift in Sources */ = {isa = PBXBuildFile; fileRef = E7587A3A48848BDDB2709B57 /* Pipeline.swift */; };
		374C4C281B85190263BEAC5C /* TranslationService.swift in Sources */ = {isa = PBXBuildFile; fileRef = 4843DBBC5680A8BAC3B88C68 /* TranslationService.swift */; };
		3CA11A1EEE4B2946B60CA61F /* Pipeline.swift in Sources */ = {isa = PBXBuildFile; fileRef = E7587A3A48848BDDB2709B57 /* Pipeline.swift */; };
		44CF1B0F78999F5E44FAA995 /* KeyboardOrbUITests.swift in Sources */ = {isa = PBXBuildFile; fileRef = 96CE886F2350302ECAE8D5BA /* KeyboardOrbUITests.swift */; };
		4564746D8991EFDE04806539 /* UTUVOTypeCore in Frameworks */ = {isa = PBXBuildFile; productRef = C231CF0DA45A8B785CA9D0C8 /* UTUVOTypeCore */; };
		477EE7BBA9F44D7EC4799C81 /* UTUVOKeyboard.appex in Embed Foundation Extensions */ = {isa = PBXBuildFile; fileRef = F846E0A1BC16A5D1EF443624 /* UTUVOKeyboard.appex */; settings = {ATTRIBUTES = (RemoveHeadersOnCopy, ); }; };
		4BA79C75C068C5FDD0ED7134 /* OnDeviceAssistant.swift in Sources */ = {isa = PBXBuildFile; fileRef = 6DE67A6C416FE0D0CF17F651 /* OnDeviceAssistant.swift */; };
		52300235E9B175E5B007F7B7 /* DictionaryStore.swift in Sources */ = {isa = PBXBuildFile; fileRef = D408072BA3212A1784D9A225 /* DictionaryStore.swift */; };
		53866DA453F168C38B2D1F80 /* HistoryStore.swift in Sources */ = {isa = PBXBuildFile; fileRef = 1625C2E308D068C260E36239 /* HistoryStore.swift */; };
		577C76041A1FF48C2EC19440 /* KeyboardVoiceHost.swift in Sources */ = {isa = PBXBuildFile; fileRef = B4408F4F1EEFDEDD0F4B9DD6 /* KeyboardVoiceHost.swift */; };
		579AD1618C81453D7762E5EA /* KeyboardLogicTests.swift in Sources */ = {isa = PBXBuildFile; fileRef = 544EF41C988021D9FC607C01 /* KeyboardLogicTests.swift */; };
		5ACE525E044811B1AA85D965 /* KeyboardLogic.swift in Sources */ = {isa = PBXBuildFile; fileRef = 33D121440F4AAEADAD15601B /* KeyboardLogic.swift */; };
		5EF0D09E21F4C7D29F1B4EAB /* VoiceBridgeTests.swift in Sources */ = {isa = PBXBuildFile; fileRef = 3434D54F2BE20DF6E74BA073 /* VoiceBridgeTests.swift */; };
		6252326424D7A835BEC8EBD5 /* DictationLanguage.swift in Sources */ = {isa = PBXBuildFile; fileRef = 954219567B6FA9AA7395B3ED /* DictationLanguage.swift */; };
		650A4CE8B60B0C26B68156FE /* Punctuation.swift in Sources */ = {isa = PBXBuildFile; fileRef = 8D6DC7783F3714FE79B933CB /* Punctuation.swift */; };
		65854AC1DDE3B410E5C24FF5 /* FastTranslator.swift in Sources */ = {isa = PBXBuildFile; fileRef = 480D51CCBFCE5FD11B49F187 /* FastTranslator.swift */; };
		667BD815F6FA9DF899175E25 /* KeyboardViewController.swift in Sources */ = {isa = PBXBuildFile; fileRef = 271CD1E4D0899351B5D210F3 /* KeyboardViewController.swift */; };
		6E9C0210F528285A618613BE /* DictationLanguage.swift in Sources */ = {isa = PBXBuildFile; fileRef = 954219567B6FA9AA7395B3ED /* DictationLanguage.swift */; };
		726E2B8EC3470196D667E606 /* HistoryListView.swift in Sources */ = {isa = PBXBuildFile; fileRef = 5EA0C89251811A64DB739280 /* HistoryListView.swift */; };
		7371174DEF0E7431A4D8EF45 /* AppStoreScreenshotTests.swift in Sources */ = {isa = PBXBuildFile; fileRef = 1BEEB6A35DB5F5C56657A7CC /* AppStoreScreenshotTests.swift */; };
		79566E8144D8BF5C7E57EFF1 /* HostAppResolver.swift in Sources */ = {isa = PBXBuildFile; fileRef = 4A81B4D1FFE7580BEB55BAB2 /* HostAppResolver.swift */; };
		7B88E20187AD4E69820A7453 /* AppIcon.icon in Resources */ = {isa = PBXBuildFile; fileRef = B193EB1DC18C2AE84F52FE34 /* AppIcon.icon */; };
		7B8FF838D060F64F1E8E087D /* IOSPipelineTests.swift in Sources */ = {isa = PBXBuildFile; fileRef = 4C80E8BB35268B37F1513072 /* IOSPipelineTests.swift */; };
		86877514C7BB1361BAB64C50 /* HistoryGroupingTests.swift in Sources */ = {isa = PBXBuildFile; fileRef = 79102CBCC0EAEB7225D4556D /* HistoryGroupingTests.swift */; };
		87A2A6459240E615D0B0E939 /* UTUVOTypeIOSApp.swift in Sources */ = {isa = PBXBuildFile; fileRef = 8EF51B09E698DEA9D4C72421 /* UTUVOTypeIOSApp.swift */; };
		8C16A184AB13706A4648C74D /* Punctuation.swift in Sources */ = {isa = PBXBuildFile; fileRef = 8D6DC7783F3714FE79B933CB /* Punctuation.swift */; };
		93403BAF7735FBAB3B4341DA /* OrbView.swift in Sources */ = {isa = PBXBuildFile; fileRef = 9B7AAC333747D1CA85FDCE7C /* OrbView.swift */; };
		93A50770D4B9115015D3160C /* DictateView.swift in Sources */ = {isa = PBXBuildFile; fileRef = E30B59DCC3A3BFFA70757B0B /* DictateView.swift */; };
		A196554D695E9916501738FD /* VoiceLevel.swift in Sources */ = {isa = PBXBuildFile; fileRef = FA2380890EF564FEA37FA3D2 /* VoiceLevel.swift */; };
		A36D8966FC5562E7BB0AC7A5 /* KeyboardEditTests.swift in Sources */ = {isa = PBXBuildFile; fileRef = 24B81C1730BD4802468BA3F9 /* KeyboardEditTests.swift */; };
		A797D4957289EFFCEE455F32 /* RecognitionRoute.swift in Sources */ = {isa = PBXBuildFile; fileRef = B9AB4A5937FEB2A31D0CCBA2 /* RecognitionRoute.swift */; };
		AAD9249EAE86821325676DA6 /* SettingsScreen.swift in Sources */ = {isa = PBXBuildFile; fileRef = 6607F1098B5580A0BDD5D1C9 /* SettingsScreen.swift */; };
		ACFA410A5AB981813A75E1C2 /* HostPidTable.swift in Sources */ = {isa = PBXBuildFile; fileRef = 15807760D56745C2FC091A38 /* HostPidTable.swift */; };
		B198BB4EF1E248042AAB5A76 /* PrivacyInfo.xcprivacy in Resources */ = {isa = PBXBuildFile; fileRef = 81CFAF9649C9C580BAD67B3B /* PrivacyInfo.xcprivacy */; };
		B3036AA557E11DC617396ED0 /* zhtw-long.wav in Resources */ = {isa = PBXBuildFile; fileRef = 7340CD0ADDC44408F0F48F1F /* zhtw-long.wav */; };
		B36FBFA2213091214FD99D0A /* KnownAppSchemes.swift in Sources */ = {isa = PBXBuildFile; fileRef = 123A6A9502A15BA8521AF1CF /* KnownAppSchemes.swift */; };
		B37A680FAD1A46CAC708ECB6 /* VoiceLevel.swift in Sources */ = {isa = PBXBuildFile; fileRef = FA2380890EF564FEA37FA3D2 /* VoiceLevel.swift */; };
		B59FDD1CEAF397C80167B995 /* VoiceLevelTests.swift in Sources */ = {isa = PBXBuildFile; fileRef = 70E76A2F96BE81001B8792AF /* VoiceLevelTests.swift */; };
		C10EEB5E40AD726981559E34 /* StoresTests.swift in Sources */ = {isa = PBXBuildFile; fileRef = CBDD5FDDA5D270DFE283D651 /* StoresTests.swift */; };
		D0E0A2973105C1069762C472 /* HistoryStore.swift in Sources */ = {isa = PBXBuildFile; fileRef = 1625C2E308D068C260E36239 /* HistoryStore.swift */; };
		D1CCDEC5BD6CDA12272F4E26 /* RecognitionRoute.swift in Sources */ = {isa = PBXBuildFile; fileRef = B9AB4A5937FEB2A31D0CCBA2 /* RecognitionRoute.swift */; };
		D3C218C0FDFBADBB93BBFF99 /* HostReturnTests.swift in Sources */ = {isa = PBXBuildFile; fileRef = 8438E7337CBCEAC6D4E945D5 /* HostReturnTests.swift */; };
		D5E74B4A0C4C96886F64D0C0 /* TranslationLanguagesView.swift in Sources */ = {isa = PBXBuildFile; fileRef = 885933EB412A43783E699766 /* TranslationLanguagesView.swift */; };
		D6B068B3EBF9846ED377BD06 /* HistoryGrouping.swift in Sources */ = {isa = PBXBuildFile; fileRef = 2104BC2CA42ED058CF9E673F /* HistoryGrouping.swift */; };
		E7658D9E021799058BEC67F5 /* IncrementalInsert.swift in Sources */ = {isa = PBXBuildFile; fileRef = 130CF1A3271CFB5BD2399ED7 /* IncrementalInsert.swift */; };
		E9033E508F5165CB571A1D7C /* FastTranslator.swift in Sources */ = {isa = PBXBuildFile; fileRef = 480D51CCBFCE5FD11B49F187 /* FastTranslator.swift */; };
		E9F4A9FCE3D2CEC2CB0976E9 /* PunctuationTests.swift in Sources */ = {isa = PBXBuildFile; fileRef = 5645CFE664FF60E92AF1113C /* PunctuationTests.swift */; };
		EDBAAA99C4B63E40A5C560E3 /* IOSSecretStore.swift in Sources */ = {isa = PBXBuildFile; fileRef = 3664A4F1091CCA4931F14A8D /* IOSSecretStore.swift */; };
		F360A9EEF330E99993B86E00 /* OnDeviceAssistant.swift in Sources */ = {isa = PBXBuildFile; fileRef = 6DE67A6C416FE0D0CF17F651 /* OnDeviceAssistant.swift */; };
		F391341C8C60599DE4070007 /* KeyboardSessionScreen.swift in Sources */ = {isa = PBXBuildFile; fileRef = 10B34DA5377202FBBEDEDD3A /* KeyboardSessionScreen.swift */; };
		F39DFA8A83947A9F783E88BC /* HostArbiterActivation.m in Sources */ = {isa = PBXBuildFile; fileRef = 734E98D3862DE6927316644A /* HostArbiterActivation.m */; };
		F6A09398EC2CE99E40DEA173 /* VoiceBridge.swift in Sources */ = {isa = PBXBuildFile; fileRef = B6B1163414890F74B925A2EE /* VoiceBridge.swift */; };
		F70C23779E7F176A4981E1BB /* zhtw-sample.wav in Resources */ = {isa = PBXBuildFile; fileRef = 423BCE208858F1C9259954B5 /* zhtw-sample.wav */; };
		FB27C9818DD9E3D2240934AC /* AuroraTheme.swift in Sources */ = {isa = PBXBuildFile; fileRef = 456985F91CBBDBAEF7B0C229 /* AuroraTheme.swift */; };
		FC1682CFA77089ECD3AC4747 /* OrbView.swift in Sources */ = {isa = PBXBuildFile; fileRef = 9B7AAC333747D1CA85FDCE7C /* OrbView.swift */; };
		FCC588F280A2DCED65A82D12 /* KeyboardLogic.swift in Sources */ = {isa = PBXBuildFile; fileRef = 33D121440F4AAEADAD15601B /* KeyboardLogic.swift */; };
/* End PBXBuildFile section */

/* Begin PBXContainerItemProxy section */
		C94C8D4D46760BE0F4BC22A8 /* PBXContainerItemProxy */ = {
			isa = PBXContainerItemProxy;
			containerPortal = 6261C68AB09D57F86AD421CE /* Project object */;
			proxyType = 1;
			remoteGlobalIDString = 65841D8F1CF2ACD2D10C5F3A;
			remoteInfo = UTUVOTypeiOS;
		};
		D100C509C0B59179E1431A19 /* PBXContainerItemProxy */ = {
			isa = PBXContainerItemProxy;
			containerPortal = 6261C68AB09D57F86AD421CE /* Project object */;
			proxyType = 1;
			remoteGlobalIDString = 65841D8F1CF2ACD2D10C5F3A;
			remoteInfo = UTUVOTypeiOS;
		};
		EA2F3DAB2C005A317B63A76D /* PBXContainerItemProxy */ = {
			isa = PBXContainerItemProxy;
			containerPortal = 6261C68AB09D57F86AD421CE /* Project object */;
			proxyType = 1;
			remoteGlobalIDString = 86BE5302F0BC901B5D258C0B;
			remoteInfo = UTUVOKeyboard;
		};
/* End PBXContainerItemProxy section */

/* Begin PBXCopyFilesBuildPhase section */
		C4AE2BBB89124D175DF75634 /* Embed Foundation Extensions */ = {
			isa = PBXCopyFilesBuildPhase;
			buildActionMask = 2147483647;
			dstPath = "";
			dstSubfolderSpec = 13;
			files = (
				477EE7BBA9F44D7EC4799C81 /* UTUVOKeyboard.appex in Embed Foundation Extensions */,
			);
			name = "Embed Foundation Extensions";
			runOnlyForDeploymentPostprocessing = 0;
		};
/* End PBXCopyFilesBuildPhase section */

/* Begin PBXFileReference section */
		020DC5181D800FE0A2809A0A /* Assets.xcassets */ = {isa = PBXFileReference; lastKnownFileType = folder.assetcatalog; path = Assets.xcassets; sourceTree = "<group>"; };
		047E9034BEDE616313BA6807 /* UTUVOTypeiOS.app */ = {isa = PBXFileReference; includeInIndex = 0; lastKnownFileType = wrapper.application; path = UTUVOTypeiOS.app; sourceTree = BUILT_PRODUCTS_DIR; };
		10B34DA5377202FBBEDEDD3A /* KeyboardSessionScreen.swift */ = {isa = PBXFileReference; lastKnownFileType = sourcecode.swift; path = KeyboardSessionScreen.swift; sourceTree = "<group>"; };
		123A6A9502A15BA8521AF1CF /* KnownAppSchemes.swift */ = {isa = PBXFileReference; lastKnownFileType = sourcecode.swift; path = KnownAppSchemes.swift; sourceTree = "<group>"; };
		130CF1A3271CFB5BD2399ED7 /* IncrementalInsert.swift */ = {isa = PBXFileReference; lastKnownFileType = sourcecode.swift; path = IncrementalInsert.swift; sourceTree = "<group>"; };
		139AEEC09C09FB6C4B823983 /* Info.plist */ = {isa = PBXFileReference; lastKnownFileType = text.plist; path = Info.plist; sourceTree = "<group>"; };
		15807760D56745C2FC091A38 /* HostPidTable.swift */ = {isa = PBXFileReference; lastKnownFileType = sourcecode.swift; path = HostPidTable.swift; sourceTree = "<group>"; };
		1625C2E308D068C260E36239 /* HistoryStore.swift */ = {isa = PBXFileReference; lastKnownFileType = sourcecode.swift; path = HistoryStore.swift; sourceTree = "<group>"; };
		1BEEB6A35DB5F5C56657A7CC /* AppStoreScreenshotTests.swift */ = {isa = PBXFileReference; lastKnownFileType = sourcecode.swift; path = AppStoreScreenshotTests.swift; sourceTree = "<group>"; };
		2104BC2CA42ED058CF9E673F /* HistoryGrouping.swift */ = {isa = PBXFileReference; lastKnownFileType = sourcecode.swift; path = HistoryGrouping.swift; sourceTree = "<group>"; };
		24B81C1730BD4802468BA3F9 /* KeyboardEditTests.swift */ = {isa = PBXFileReference; lastKnownFileType = sourcecode.swift; path = KeyboardEditTests.swift; sourceTree = "<group>"; };
		271CD1E4D0899351B5D210F3 /* KeyboardViewController.swift */ = {isa = PBXFileReference; lastKnownFileType = sourcecode.swift; path = KeyboardViewController.swift; sourceTree = "<group>"; };
		2F4F95335E89E31053D2FCF2 /* SpeedBenchTests.swift */ = {isa = PBXFileReference; lastKnownFileType = sourcecode.swift; path = SpeedBenchTests.swift; sourceTree = "<group>"; };
		33D121440F4AAEADAD15601B /* KeyboardLogic.swift */ = {isa = PBXFileReference; lastKnownFileType = sourcecode.swift; path = KeyboardLogic.swift; sourceTree = "<group>"; };
		3434D54F2BE20DF6E74BA073 /* VoiceBridgeTests.swift */ = {isa = PBXFileReference; lastKnownFileType = sourcecode.swift; path = VoiceBridgeTests.swift; sourceTree = "<group>"; };
		3664A4F1091CCA4931F14A8D /* IOSSecretStore.swift */ = {isa = PBXFileReference; lastKnownFileType = sourcecode.swift; path = IOSSecretStore.swift; sourceTree = "<group>"; };
		36E906B061EFF52ADE02EAF0 /* utuvo-type */ = {isa = PBXFileReference; lastKnownFileType = folder; name = "utuvo-type"; path = ..; sourceTree = SOURCE_ROOT; };
		423BCE208858F1C9259954B5 /* zhtw-sample.wav */ = {isa = PBXFileReference; lastKnownFileType = audio.wav; path = "zhtw-sample.wav"; sourceTree = "<group>"; };
		456985F91CBBDBAEF7B0C229 /* AuroraTheme.swift */ = {isa = PBXFileReference; lastKnownFileType = sourcecode.swift; path = AuroraTheme.swift; sourceTree = "<group>"; };
		480D51CCBFCE5FD11B49F187 /* FastTranslator.swift */ = {isa = PBXFileReference; lastKnownFileType = sourcecode.swift; path = FastTranslator.swift; sourceTree = "<group>"; };
		4843DBBC5680A8BAC3B88C68 /* TranslationService.swift */ = {isa = PBXFileReference; lastKnownFileType = sourcecode.swift; path = TranslationService.swift; sourceTree = "<group>"; };
		4A81B4D1FFE7580BEB55BAB2 /* HostAppResolver.swift */ = {isa = PBXFileReference; lastKnownFileType = sourcecode.swift; path = HostAppResolver.swift; sourceTree = "<group>"; };
		4C80E8BB35268B37F1513072 /* IOSPipelineTests.swift */ = {isa = PBXFileReference; lastKnownFileType = sourcecode.swift; path = IOSPipelineTests.swift; sourceTree = "<group>"; };
		4E1EEC176195FB7E296DFE83 /* UTUVOTypeiOSUITests.xctest */ = {isa = PBXFileReference; includeInIndex = 0; lastKnownFileType = wrapper.cfbundle; path = UTUVOTypeiOSUITests.xctest; sourceTree = BUILT_PRODUCTS_DIR; };
		544EF41C988021D9FC607C01 /* KeyboardLogicTests.swift */ = {isa = PBXFileReference; lastKnownFileType = sourcecode.swift; path = KeyboardLogicTests.swift; sourceTree = "<group>"; };
		5645CFE664FF60E92AF1113C /* PunctuationTests.swift */ = {isa = PBXFileReference; lastKnownFileType = sourcecode.swift; path = PunctuationTests.swift; sourceTree = "<group>"; };
		5EA0C89251811A64DB739280 /* HistoryListView.swift */ = {isa = PBXFileReference; lastKnownFileType = sourcecode.swift; path = HistoryListView.swift; sourceTree = "<group>"; };
		63E960B9399862D8099E1507 /* UTUVOKeyboard-Bridging-Header.h */ = {isa = PBXFileReference; lastKnownFileType = sourcecode.c.h; path = "UTUVOKeyboard-Bridging-Header.h"; sourceTree = "<group>"; };
		6607F1098B5580A0BDD5D1C9 /* SettingsScreen.swift */ = {isa = PBXFileReference; lastKnownFileType = sourcecode.swift; path = SettingsScreen.swift; sourceTree = "<group>"; };
		6DE67A6C416FE0D0CF17F651 /* OnDeviceAssistant.swift */ = {isa = PBXFileReference; lastKnownFileType = sourcecode.swift; path = OnDeviceAssistant.swift; sourceTree = "<group>"; };
		70E76A2F96BE81001B8792AF /* VoiceLevelTests.swift */ = {isa = PBXFileReference; lastKnownFileType = sourcecode.swift; path = VoiceLevelTests.swift; sourceTree = "<group>"; };
		7340CD0ADDC44408F0F48F1F /* zhtw-long.wav */ = {isa = PBXFileReference; lastKnownFileType = audio.wav; path = "zhtw-long.wav"; sourceTree = "<group>"; };
		734E98D3862DE6927316644A /* HostArbiterActivation.m */ = {isa = PBXFileReference; lastKnownFileType = sourcecode.c.objc; path = HostArbiterActivation.m; sourceTree = "<group>"; };
		73DA4012954FB4BEAB4BAD09 /* Info.plist */ = {isa = PBXFileReference; lastKnownFileType = text.plist; path = Info.plist; sourceTree = "<group>"; };
		79102CBCC0EAEB7225D4556D /* HistoryGroupingTests.swift */ = {isa = PBXFileReference; lastKnownFileType = sourcecode.swift; path = HistoryGroupingTests.swift; sourceTree = "<group>"; };
		81CFAF9649C9C580BAD67B3B /* PrivacyInfo.xcprivacy */ = {isa = PBXFileReference; path = PrivacyInfo.xcprivacy; sourceTree = "<group>"; };
		8438E7337CBCEAC6D4E945D5 /* HostReturnTests.swift */ = {isa = PBXFileReference; lastKnownFileType = sourcecode.swift; path = HostReturnTests.swift; sourceTree = "<group>"; };
		885933EB412A43783E699766 /* TranslationLanguagesView.swift */ = {isa = PBXFileReference; lastKnownFileType = sourcecode.swift; path = TranslationLanguagesView.swift; sourceTree = "<group>"; };
		8D6DC7783F3714FE79B933CB /* Punctuation.swift */ = {isa = PBXFileReference; lastKnownFileType = sourcecode.swift; path = Punctuation.swift; sourceTree = "<group>"; };
		8E177C586B87735863CCF64A /* PrivacyInfo.xcprivacy */ = {isa = PBXFileReference; path = PrivacyInfo.xcprivacy; sourceTree = "<group>"; };
		8EF51B09E698DEA9D4C72421 /* UTUVOTypeIOSApp.swift */ = {isa = PBXFileReference; lastKnownFileType = sourcecode.swift; path = UTUVOTypeIOSApp.swift; sourceTree = "<group>"; };
		8EFF88A825C8B40B25334278 /* UTUVOKeyboard.entitlements */ = {isa = PBXFileReference; lastKnownFileType = text.plist.entitlements; path = UTUVOKeyboard.entitlements; sourceTree = "<group>"; };
		954219567B6FA9AA7395B3ED /* DictationLanguage.swift */ = {isa = PBXFileReference; lastKnownFileType = sourcecode.swift; path = DictationLanguage.swift; sourceTree = "<group>"; };
		96CE886F2350302ECAE8D5BA /* KeyboardOrbUITests.swift */ = {isa = PBXFileReference; lastKnownFileType = sourcecode.swift; path = KeyboardOrbUITests.swift; sourceTree = "<group>"; };
		9B7AAC333747D1CA85FDCE7C /* OrbView.swift */ = {isa = PBXFileReference; lastKnownFileType = sourcecode.swift; path = OrbView.swift; sourceTree = "<group>"; };
		A69C183B9C282AEAC715ABDC /* UTUVOTypeiOSTests.xctest */ = {isa = PBXFileReference; includeInIndex = 0; lastKnownFileType = wrapper.cfbundle; path = UTUVOTypeiOSTests.xctest; sourceTree = BUILT_PRODUCTS_DIR; };
		A8AD947DDC764E42B0CEC0A8 /* UTUVOTypeiOS.entitlements */ = {isa = PBXFileReference; lastKnownFileType = text.plist.entitlements; path = UTUVOTypeiOS.entitlements; sourceTree = "<group>"; };
		B193EB1DC18C2AE84F52FE34 /* AppIcon.icon */ = {isa = PBXFileReference; lastKnownFileType = wrapper.icon; path = AppIcon.icon; sourceTree = "<group>"; };
		B4408F4F1EEFDEDD0F4B9DD6 /* KeyboardVoiceHost.swift */ = {isa = PBXFileReference; lastKnownFileType = sourcecode.swift; path = KeyboardVoiceHost.swift; sourceTree = "<group>"; };
		B6B1163414890F74B925A2EE /* VoiceBridge.swift */ = {isa = PBXFileReference; lastKnownFileType = sourcecode.swift; path = VoiceBridge.swift; sourceTree = "<group>"; };
		B9AB4A5937FEB2A31D0CCBA2 /* RecognitionRoute.swift */ = {isa = PBXFileReference; lastKnownFileType = sourcecode.swift; path = RecognitionRoute.swift; sourceTree = "<group>"; };
		C8B6D3A506BD997A2ACFE627 /* DictationModel.swift */ = {isa = PBXFileReference; lastKnownFileType = sourcecode.swift; path = DictationModel.swift; sourceTree = "<group>"; };
		CBDD5FDDA5D270DFE283D651 /* StoresTests.swift */ = {isa = PBXFileReference; lastKnownFileType = sourcecode.swift; path = StoresTests.swift; sourceTree = "<group>"; };
		D408072BA3212A1784D9A225 /* DictionaryStore.swift */ = {isa = PBXFileReference; lastKnownFileType = sourcecode.swift; path = DictionaryStore.swift; sourceTree = "<group>"; };
		D52A8817A11663573EE47575 /* RecognitionRouteTests.swift */ = {isa = PBXFileReference; lastKnownFileType = sourcecode.swift; path = RecognitionRouteTests.swift; sourceTree = "<group>"; };
		D957A2C59F3681DB2ECE255E /* HostArbiterActivation.h */ = {isa = PBXFileReference; lastKnownFileType = sourcecode.c.h; path = HostArbiterActivation.h; sourceTree = "<group>"; };
		E30B59DCC3A3BFFA70757B0B /* DictateView.swift */ = {isa = PBXFileReference; lastKnownFileType = sourcecode.swift; path = DictateView.swift; sourceTree = "<group>"; };
		E7587A3A48848BDDB2709B57 /* Pipeline.swift */ = {isa = PBXFileReference; lastKnownFileType = sourcecode.swift; path = Pipeline.swift; sourceTree = "<group>"; };
		F846E0A1BC16A5D1EF443624 /* UTUVOKeyboard.appex */ = {isa = PBXFileReference; includeInIndex = 0; lastKnownFileType = "wrapper.app-extension"; path = UTUVOKeyboard.appex; sourceTree = BUILT_PRODUCTS_DIR; };
		FA2380890EF564FEA37FA3D2 /* VoiceLevel.swift */ = {isa = PBXFileReference; lastKnownFileType = sourcecode.swift; path = VoiceLevel.swift; sourceTree = "<group>"; };
/* End PBXFileReference section */

/* Begin PBXFrameworksBuildPhase section */
		6328A10556E81D62FB351367 /* Frameworks */ = {
			isa = PBXFrameworksBuildPhase;
			buildActionMask = 2147483647;
			files = (
				1B5590E6B1C6178BFB301983 /* UTUVOTypeCore in Frameworks */,
			);
			runOnlyForDeploymentPostprocessing = 0;
		};
		8355DFC6560130CB15395CE2 /* Frameworks */ = {
			isa = PBXFrameworksBuildPhase;
			buildActionMask = 2147483647;
			files = (
				4564746D8991EFDE04806539 /* UTUVOTypeCore in Frameworks */,
			);
			runOnlyForDeploymentPostprocessing = 0;
		};
/* End PBXFrameworksBuildPhase section */

/* Begin PBXGroup section */
		0E666996278A6BAE600D7611 /* App */ = {
			isa = PBXGroup;
			children = (
				456985F91CBBDBAEF7B0C229 /* AuroraTheme.swift */,
				E30B59DCC3A3BFFA70757B0B /* DictateView.swift */,
				C8B6D3A506BD997A2ACFE627 /* DictationModel.swift */,
				5EA0C89251811A64DB739280 /* HistoryListView.swift */,
				139AEEC09C09FB6C4B823983 /* Info.plist */,
				10B34DA5377202FBBEDEDD3A /* KeyboardSessionScreen.swift */,
				B4408F4F1EEFDEDD0F4B9DD6 /* KeyboardVoiceHost.swift */,
				81CFAF9649C9C580BAD67B3B /* PrivacyInfo.xcprivacy */,
				6607F1098B5580A0BDD5D1C9 /* SettingsScreen.swift */,
				885933EB412A43783E699766 /* TranslationLanguagesView.swift */,
				A8AD947DDC764E42B0CEC0A8 /* UTUVOTypeiOS.entitlements */,
				8EF51B09E698DEA9D4C72421 /* UTUVOTypeIOSApp.swift */,
			);
			path = App;
			sourceTree = "<group>";
		};
		18CFD7FAC34C194330EFC930 /* iOSUITests */ = {
			isa = PBXGroup;
			children = (
				1BEEB6A35DB5F5C56657A7CC /* AppStoreScreenshotTests.swift */,
				96CE886F2350302ECAE8D5BA /* KeyboardOrbUITests.swift */,
			);
			path = iOSUITests;
			sourceTree = "<group>";
		};
		614CA8B6243817E9DD40C0ED /* Packages */ = {
			isa = PBXGroup;
			children = (
				36E906B061EFF52ADE02EAF0 /* utuvo-type */,
			);
			name = Packages;
			sourceTree = "<group>";
		};
		7A5A76C881A9CA1876CC5E30 /* assets */ = {
			isa = PBXGroup;
			children = (
				C8CD7B2604788F0A30C07BA3 /* branding */,
			);
			path = assets;
			sourceTree = "<group>";
		};
		908453DD1634FB5CA1A11B71 /* Resources */ = {
			isa = PBXGroup;
			children = (
				7340CD0ADDC44408F0F48F1F /* zhtw-long.wav */,
				423BCE208858F1C9259954B5 /* zhtw-sample.wav */,
			);
			path = Resources;
			sourceTree = "<group>";
		};
		ADEDD0CEC5BEC26FCF5C564B = {
			isa = PBXGroup;
			children = (
				020DC5181D800FE0A2809A0A /* Assets.xcassets */,
				0E666996278A6BAE600D7611 /* App */,
				CA501DA36B1E40965F7E9727 /* iOSTests */,
				18CFD7FAC34C194330EFC930 /* iOSUITests */,
				D76346D01EC8DE311900767A /* Keyboard */,
				614CA8B6243817E9DD40C0ED /* Packages */,
				BCA94E44D624EA9540AE7AC4 /* Shared */,
				E3DB4A6FA0327F77E9D6FB92 /* utuvo-type */,
				E1CFED577C00A328343744A0 /* Products */,
			);
			sourceTree = "<group>";
		};
		BCA94E44D624EA9540AE7AC4 /* Shared */ = {
			isa = PBXGroup;
			children = (
				954219567B6FA9AA7395B3ED /* DictationLanguage.swift */,
				D408072BA3212A1784D9A225 /* DictionaryStore.swift */,
				480D51CCBFCE5FD11B49F187 /* FastTranslator.swift */,
				2104BC2CA42ED058CF9E673F /* HistoryGrouping.swift */,
				1625C2E308D068C260E36239 /* HistoryStore.swift */,
				15807760D56745C2FC091A38 /* HostPidTable.swift */,
				130CF1A3271CFB5BD2399ED7 /* IncrementalInsert.swift */,
				3664A4F1091CCA4931F14A8D /* IOSSecretStore.swift */,
				33D121440F4AAEADAD15601B /* KeyboardLogic.swift */,
				123A6A9502A15BA8521AF1CF /* KnownAppSchemes.swift */,
				6DE67A6C416FE0D0CF17F651 /* OnDeviceAssistant.swift */,
				9B7AAC333747D1CA85FDCE7C /* OrbView.swift */,
				E7587A3A48848BDDB2709B57 /* Pipeline.swift */,
				8D6DC7783F3714FE79B933CB /* Punctuation.swift */,
				B9AB4A5937FEB2A31D0CCBA2 /* RecognitionRoute.swift */,
				4843DBBC5680A8BAC3B88C68 /* TranslationService.swift */,
				B6B1163414890F74B925A2EE /* VoiceBridge.swift */,
				FA2380890EF564FEA37FA3D2 /* VoiceLevel.swift */,
			);
			path = Shared;
			sourceTree = "<group>";
		};
		C8CD7B2604788F0A30C07BA3 /* branding */ = {
			isa = PBXGroup;
			children = (
				B193EB1DC18C2AE84F52FE34 /* AppIcon.icon */,
			);
			path = branding;
			sourceTree = "<group>";
		};
		CA501DA36B1E40965F7E9727 /* iOSTests */ = {
			isa = PBXGroup;
			children = (
				79102CBCC0EAEB7225D4556D /* HistoryGroupingTests.swift */,
				8438E7337CBCEAC6D4E945D5 /* HostReturnTests.swift */,
				4C80E8BB35268B37F1513072 /* IOSPipelineTests.swift */,
				24B81C1730BD4802468BA3F9 /* KeyboardEditTests.swift */,
				544EF41C988021D9FC607C01 /* KeyboardLogicTests.swift */,
				5645CFE664FF60E92AF1113C /* PunctuationTests.swift */,
				D52A8817A11663573EE47575 /* RecognitionRouteTests.swift */,
				2F4F95335E89E31053D2FCF2 /* SpeedBenchTests.swift */,
				CBDD5FDDA5D270DFE283D651 /* StoresTests.swift */,
				3434D54F2BE20DF6E74BA073 /* VoiceBridgeTests.swift */,
				70E76A2F96BE81001B8792AF /* VoiceLevelTests.swift */,
				908453DD1634FB5CA1A11B71 /* Resources */,
			);
			path = iOSTests;
			sourceTree = "<group>";
		};
		D76346D01EC8DE311900767A /* Keyboard */ = {
			isa = PBXGroup;
			children = (
				4A81B4D1FFE7580BEB55BAB2 /* HostAppResolver.swift */,
				D957A2C59F3681DB2ECE255E /* HostArbiterActivation.h */,
				734E98D3862DE6927316644A /* HostArbiterActivation.m */,
				73DA4012954FB4BEAB4BAD09 /* Info.plist */,
				271CD1E4D0899351B5D210F3 /* KeyboardViewController.swift */,
				8E177C586B87735863CCF64A /* PrivacyInfo.xcprivacy */,
				63E960B9399862D8099E1507 /* UTUVOKeyboard-Bridging-Header.h */,
				8EFF88A825C8B40B25334278 /* UTUVOKeyboard.entitlements */,
			);
			path = Keyboard;
			sourceTree = "<group>";
		};
		E1CFED577C00A328343744A0 /* Products */ = {
			isa = PBXGroup;
			children = (
				F846E0A1BC16A5D1EF443624 /* UTUVOKeyboard.appex */,
				047E9034BEDE616313BA6807 /* UTUVOTypeiOS.app */,
				A69C183B9C282AEAC715ABDC /* UTUVOTypeiOSTests.xctest */,
				4E1EEC176195FB7E296DFE83 /* UTUVOTypeiOSUITests.xctest */,
			);
			name = Products;
			sourceTree = "<group>";
		};
		E3DB4A6FA0327F77E9D6FB92 /* utuvo-type */ = {
			isa = PBXGroup;
			children = (
				7A5A76C881A9CA1876CC5E30 /* assets */,
			);
			name = "utuvo-type";
			path = ..;
			sourceTree = "<group>";
		};
/* End PBXGroup section */

/* Begin PBXNativeTarget section */
		3AEFBA23456522BD790400DB /* UTUVOTypeiOSTests */ = {
			isa = PBXNativeTarget;
			buildConfigurationList = 2C5C50D31BCAD4988F77076D /* Build configuration list for PBXNativeTarget "UTUVOTypeiOSTests" */;
			buildPhases = (
				9899D5398E251C9A8042E105 /* Sources */,
				B03D1819B19FD57C4CF5B621 /* Resources */,
			);
			buildRules = (
			);
			dependencies = (
				45A9C34B72B9FA73D204CD8D /* PBXTargetDependency */,
			);
			name = UTUVOTypeiOSTests;
			packageProductDependencies = (
			);
			productName = UTUVOTypeiOSTests;
			productReference = A69C183B9C282AEAC715ABDC /* UTUVOTypeiOSTests.xctest */;
			productType = "com.apple.product-type.bundle.unit-test";
		};
		41DFD27E44E055600FA1BE08 /* UTUVOTypeiOSUITests */ = {
			isa = PBXNativeTarget;
			buildConfigurationList = 28F5265D0871F290D795E51F /* Build configuration list for PBXNativeTarget "UTUVOTypeiOSUITests" */;
			buildPhases = (
				12DFFE466A879B281702DC17 /* Sources */,
			);
			buildRules = (
			);
			dependencies = (
				A279AD3834AD1EE8FFA1D37A /* PBXTargetDependency */,
			);
			name = UTUVOTypeiOSUITests;
			packageProductDependencies = (
			);
			productName = UTUVOTypeiOSUITests;
			productReference = 4E1EEC176195FB7E296DFE83 /* UTUVOTypeiOSUITests.xctest */;
			productType = "com.apple.product-type.bundle.ui-testing";
		};
		65841D8F1CF2ACD2D10C5F3A /* UTUVOTypeiOS */ = {
			isa = PBXNativeTarget;
			buildConfigurationList = 3525D432BE6281DCCDC31FA0 /* Build configuration list for PBXNativeTarget "UTUVOTypeiOS" */;
			buildPhases = (
				2B7F2ADBFC84A22C8E2DA83A /* Sources */,
				7752711539AF6D299CE46893 /* Resources */,
				8355DFC6560130CB15395CE2 /* Frameworks */,
				C4AE2BBB89124D175DF75634 /* Embed Foundation Extensions */,
			);
			buildRules = (
			);
			dependencies = (
				02E85DC088CE69865DCFB8AE /* PBXTargetDependency */,
			);
			name = UTUVOTypeiOS;
			packageProductDependencies = (
				C231CF0DA45A8B785CA9D0C8 /* UTUVOTypeCore */,
			);
			productName = UTUVOTypeiOS;
			productReference = 047E9034BEDE616313BA6807 /* UTUVOTypeiOS.app */;
			productType = "com.apple.product-type.application";
		};
		86BE5302F0BC901B5D258C0B /* UTUVOKeyboard */ = {
			isa = PBXNativeTarget;
			buildConfigurationList = BDF2A8BDA1237FC8FD2E3CD7 /* Build configuration list for PBXNativeTarget "UTUVOKeyboard" */;
			buildPhases = (
				93AA35C882C0B9A632565F63 /* Sources */,
				8F10E2F279AE214ED700CE39 /* Resources */,
				6328A10556E81D62FB351367 /* Frameworks */,
			);
			buildRules = (
			);
			dependencies = (
			);
			name = UTUVOKeyboard;
			packageProductDependencies = (
				B317D0E8ED7CEEFD7EDA6DF9 /* UTUVOTypeCore */,
			);
			productName = UTUVOKeyboard;
			productReference = F846E0A1BC16A5D1EF443624 /* UTUVOKeyboard.appex */;
			productType = "com.apple.product-type.app-extension";
		};
/* End PBXNativeTarget section */

/* Begin PBXProject section */
		6261C68AB09D57F86AD421CE /* Project object */ = {
			isa = PBXProject;
			attributes = {
				BuildIndependentTargetsInParallel = YES;
				LastUpgradeCheck = 1430;
				TargetAttributes = {
					3AEFBA23456522BD790400DB = {
						DevelopmentTeam = RPNT54P79S;
						ProvisioningStyle = Automatic;
					};
					41DFD27E44E055600FA1BE08 = {
						DevelopmentTeam = RPNT54P79S;
						ProvisioningStyle = Automatic;
						TestTargetID = 65841D8F1CF2ACD2D10C5F3A;
					};
					65841D8F1CF2ACD2D10C5F3A = {
						DevelopmentTeam = RPNT54P79S;
						ProvisioningStyle = Automatic;
					};
					86BE5302F0BC901B5D258C0B = {
						DevelopmentTeam = RPNT54P79S;
						ProvisioningStyle = Automatic;
					};
				};
			};
			buildConfigurationList = 25712540FB2AC63918734458 /* Build configuration list for PBXProject "UTUVO Type" */;
			developmentRegion = en;
			hasScannedForEncodings = 0;
			knownRegions = (
				Base,
				en,
			);
			mainGroup = ADEDD0CEC5BEC26FCF5C564B;
			minimizedProjectReferenceProxies = 1;
			packageReferences = (
				0F43B24CF5E9417AC23F7B73 /* XCLocalSwiftPackageReference ".." */,
			);
			preferredProjectObjectVersion = 77;
			productRefGroup = E1CFED577C00A328343744A0 /* Products */;
			projectDirPath = "";
			projectRoot = "";
			targets = (
				86BE5302F0BC901B5D258C0B /* UTUVOKeyboard */,
				65841D8F1CF2ACD2D10C5F3A /* UTUVOTypeiOS */,
				3AEFBA23456522BD790400DB /* UTUVOTypeiOSTests */,
				41DFD27E44E055600FA1BE08 /* UTUVOTypeiOSUITests */,
			);
		};
/* End PBXProject section */

/* Begin PBXResourcesBuildPhase section */
		7752711539AF6D299CE46893 /* Resources */ = {
			isa = PBXResourcesBuildPhase;
			buildActionMask = 2147483647;
			files = (
				7B88E20187AD4E69820A7453 /* AppIcon.icon in Resources */,
				13731A3FFCCE70A61F751C43 /* Assets.xcassets in Resources */,
				B198BB4EF1E248042AAB5A76 /* PrivacyInfo.xcprivacy in Resources */,
			);
			runOnlyForDeploymentPostprocessing = 0;
		};
		8F10E2F279AE214ED700CE39 /* Resources */ = {
			isa = PBXResourcesBuildPhase;
			buildActionMask = 2147483647;
			files = (
				1C042A2C20D7A6338752D1A2 /* PrivacyInfo.xcprivacy in Resources */,
			);
			runOnlyForDeploymentPostprocessing = 0;
		};
		B03D1819B19FD57C4CF5B621 /* Resources */ = {
			isa = PBXResourcesBuildPhase;
			buildActionMask = 2147483647;
			files = (
				B3036AA557E11DC617396ED0 /* zhtw-long.wav in Resources */,
				F70C23779E7F176A4981E1BB /* zhtw-sample.wav in Resources */,
			);
			runOnlyForDeploymentPostprocessing = 0;
		};
/* End PBXResourcesBuildPhase section */

/* Begin PBXSourcesBuildPhase section */
		12DFFE466A879B281702DC17 /* Sources */ = {
			isa = PBXSourcesBuildPhase;
			buildActionMask = 2147483647;
			files = (
				7371174DEF0E7431A4D8EF45 /* AppStoreScreenshotTests.swift in Sources */,
				44CF1B0F78999F5E44FAA995 /* KeyboardOrbUITests.swift in Sources */,
			);
			runOnlyForDeploymentPostprocessing = 0;
		};
		2B7F2ADBFC84A22C8E2DA83A /* Sources */ = {
			isa = PBXSourcesBuildPhase;
			buildActionMask = 2147483647;
			files = (
				FB27C9818DD9E3D2240934AC /* AuroraTheme.swift in Sources */,
				93A50770D4B9115015D3160C /* DictateView.swift in Sources */,
				6252326424D7A835BEC8EBD5 /* DictationLanguage.swift in Sources */,
				2C9E3E41E0ACC72FF538110D /* DictationModel.swift in Sources */,
				2F41F7C4C19FB368CD4B95D8 /* DictionaryStore.swift in Sources */,
				65854AC1DDE3B410E5C24FF5 /* FastTranslator.swift in Sources */,
				219D35619DD3800FC4E4868A /* HistoryGrouping.swift in Sources */,
				726E2B8EC3470196D667E606 /* HistoryListView.swift in Sources */,
				53866DA453F168C38B2D1F80 /* HistoryStore.swift in Sources */,
				ACFA410A5AB981813A75E1C2 /* HostPidTable.swift in Sources */,
				138C08076C498E0C1623180B /* IOSSecretStore.swift in Sources */,
				E7658D9E021799058BEC67F5 /* IncrementalInsert.swift in Sources */,
				5ACE525E044811B1AA85D965 /* KeyboardLogic.swift in Sources */,
				F391341C8C60599DE4070007 /* KeyboardSessionScreen.swift in Sources */,
				577C76041A1FF48C2EC19440 /* KeyboardVoiceHost.swift in Sources */,
				0749E82F4BE132C75CB6089F /* KnownAppSchemes.swift in Sources */,
				4BA79C75C068C5FDD0ED7134 /* OnDeviceAssistant.swift in Sources */,
				FC1682CFA77089ECD3AC4747 /* OrbView.swift in Sources */,
				36628DCAD4FE59B2C0074EEA /* Pipeline.swift in Sources */,
				650A4CE8B60B0C26B68156FE /* Punctuation.swift in Sources */,
				D1CCDEC5BD6CDA12272F4E26 /* RecognitionRoute.swift in Sources */,
				AAD9249EAE86821325676DA6 /* SettingsScreen.swift in Sources */,
				D5E74B4A0C4C96886F64D0C0 /* TranslationLanguagesView.swift in Sources */,
				374C4C281B85190263BEAC5C /* TranslationService.swift in Sources */,
				87A2A6459240E615D0B0E939 /* UTUVOTypeIOSApp.swift in Sources */,
				F6A09398EC2CE99E40DEA173 /* VoiceBridge.swift in Sources */,
				A196554D695E9916501738FD /* VoiceLevel.swift in Sources */,
			);
			runOnlyForDeploymentPostprocessing = 0;
		};
		93AA35C882C0B9A632565F63 /* Sources */ = {
			isa = PBXSourcesBuildPhase;
			buildActionMask = 2147483647;
			files = (
				6E9C0210F528285A618613BE /* DictationLanguage.swift in Sources */,
				52300235E9B175E5B007F7B7 /* DictionaryStore.swift in Sources */,
				E9033E508F5165CB571A1D7C /* FastTranslator.swift in Sources */,
				D6B068B3EBF9846ED377BD06 /* HistoryGrouping.swift in Sources */,
				D0E0A2973105C1069762C472 /* HistoryStore.swift in Sources */,
				79566E8144D8BF5C7E57EFF1 /* HostAppResolver.swift in Sources */,
				F39DFA8A83947A9F783E88BC /* HostArbiterActivation.m in Sources */,
				3646B3C7ED37B640C9AB3184 /* HostPidTable.swift in Sources */,
				EDBAAA99C4B63E40A5C560E3 /* IOSSecretStore.swift in Sources */,
				2A44E1ABA6E6209DADA86738 /* IncrementalInsert.swift in Sources */,
				FCC588F280A2DCED65A82D12 /* KeyboardLogic.swift in Sources */,
				667BD815F6FA9DF899175E25 /* KeyboardViewController.swift in Sources */,
				B36FBFA2213091214FD99D0A /* KnownAppSchemes.swift in Sources */,
				F360A9EEF330E99993B86E00 /* OnDeviceAssistant.swift in Sources */,
				93403BAF7735FBAB3B4341DA /* OrbView.swift in Sources */,
				3CA11A1EEE4B2946B60CA61F /* Pipeline.swift in Sources */,
				8C16A184AB13706A4648C74D /* Punctuation.swift in Sources */,
				A797D4957289EFFCEE455F32 /* RecognitionRoute.swift in Sources */,
				30F0C10E1E8B6EFA7B747DFB /* TranslationService.swift in Sources */,
				0FB05BB4BBAD6CA4AD47205C /* VoiceBridge.swift in Sources */,
				B37A680FAD1A46CAC708ECB6 /* VoiceLevel.swift in Sources */,
			);
			runOnlyForDeploymentPostprocessing = 0;
		};
		9899D5398E251C9A8042E105 /* Sources */ = {
			isa = PBXSourcesBuildPhase;
			buildActionMask = 2147483647;
			files = (
				86877514C7BB1361BAB64C50 /* HistoryGroupingTests.swift in Sources */,
				D3C218C0FDFBADBB93BBFF99 /* HostReturnTests.swift in Sources */,
				7B8FF838D060F64F1E8E087D /* IOSPipelineTests.swift in Sources */,
				A36D8966FC5562E7BB0AC7A5 /* KeyboardEditTests.swift in Sources */,
				579AD1618C81453D7762E5EA /* KeyboardLogicTests.swift in Sources */,
				E9F4A9FCE3D2CEC2CB0976E9 /* PunctuationTests.swift in Sources */,
				21C0721A92650E0295AE6997 /* RecognitionRouteTests.swift in Sources */,
				0DF249C88D15D25156EAA15A /* SpeedBenchTests.swift in Sources */,
				C10EEB5E40AD726981559E34 /* StoresTests.swift in Sources */,
				5EF0D09E21F4C7D29F1B4EAB /* VoiceBridgeTests.swift in Sources */,
				B59FDD1CEAF397C80167B995 /* VoiceLevelTests.swift in Sources */,
			);
			runOnlyForDeploymentPostprocessing = 0;
		};
/* End PBXSourcesBuildPhase section */

/* Begin PBXTargetDependency section */
		02E85DC088CE69865DCFB8AE /* PBXTargetDependency */ = {
			isa = PBXTargetDependency;
			target = 86BE5302F0BC901B5D258C0B /* UTUVOKeyboard */;
			targetProxy = EA2F3DAB2C005A317B63A76D /* PBXContainerItemProxy */;
		};
		45A9C34B72B9FA73D204CD8D /* PBXTargetDependency */ = {
			isa = PBXTargetDependency;
			target = 65841D8F1CF2ACD2D10C5F3A /* UTUVOTypeiOS */;
			targetProxy = D100C509C0B59179E1431A19 /* PBXContainerItemProxy */;
		};
		A279AD3834AD1EE8FFA1D37A /* PBXTargetDependency */ = {
			isa = PBXTargetDependency;
			target = 65841D8F1CF2ACD2D10C5F3A /* UTUVOTypeiOS */;
			targetProxy = C94C8D4D46760BE0F4BC22A8 /* PBXContainerItemProxy */;
		};
/* End PBXTargetDependency section */

/* Begin XCBuildConfiguration section */
		050ED48343AEAE53CA23E9E3 /* Release */ = {
			isa = XCBuildConfiguration;
			buildSettings = {
				ASSETCATALOG_COMPILER_APPICON_NAME = AppIcon;
				ASSETCATALOG_COMPILER_GLOBAL_ACCENT_COLOR_NAME = AccentColor;
				CODE_SIGN_ENTITLEMENTS = App/UTUVOTypeiOS.entitlements;
				CODE_SIGN_IDENTITY = "iPhone Developer";
				INFOPLIST_FILE = App/Info.plist;
				LD_RUNPATH_SEARCH_PATHS = (
					"$(inherited)",
					"@executable_path/Frameworks",
				);
				PRODUCT_BUNDLE_IDENTIFIER = com.utuvo.type.ios;
				SDKROOT = iphoneos;
				TARGETED_DEVICE_FAMILY = 1;
			};
			name = Release;
		};
		2AAA1CDE4AA66BC067FEDC19 /* Debug */ = {
			isa = XCBuildConfiguration;
			buildSettings = {
				ASSETCATALOG_COMPILER_APPICON_NAME = AppIcon;
				ASSETCATALOG_COMPILER_GLOBAL_ACCENT_COLOR_NAME = AccentColor;
				CODE_SIGN_ENTITLEMENTS = App/UTUVOTypeiOS.entitlements;
				CODE_SIGN_IDENTITY = "iPhone Developer";
				INFOPLIST_FILE = App/Info.plist;
				LD_RUNPATH_SEARCH_PATHS = (
					"$(inherited)",
					"@executable_path/Frameworks",
				);
				PRODUCT_BUNDLE_IDENTIFIER = com.utuvo.type.ios;
				SDKROOT = iphoneos;
				TARGETED_DEVICE_FAMILY = 1;
			};
			name = Debug;
		};
		7B34F9DFAC48D6AADB0B3BD6 /* Debug */ = {
			isa = XCBuildConfiguration;
			buildSettings = {
				BUNDLE_LOADER = "$(TEST_HOST)";
				GENERATE_INFOPLIST_FILE = YES;
				LD_RUNPATH_SEARCH_PATHS = (
					"$(inherited)",
					"@executable_path/Frameworks",
					"@loader_path/Frameworks",
				);
				PRODUCT_BUNDLE_IDENTIFIER = com.utuvo.UTUVOTypeiOSUITests;
				SDKROOT = iphoneos;
				TARGETED_DEVICE_FAMILY = "1,2";
				TEST_TARGET_NAME = UTUVOTypeiOS;
			};
			name = Debug;
		};
		92ABDC8A1112A5A796B38FD3 /* Release */ = {
			isa = XCBuildConfiguration;
			buildSettings = {
				BUNDLE_LOADER = "$(TEST_HOST)";
				GENERATE_INFOPLIST_FILE = YES;
				LD_RUNPATH_SEARCH_PATHS = (
					"$(inherited)",
					"@executable_path/Frameworks",
					"@loader_path/Frameworks",
				);
				PRODUCT_BUNDLE_IDENTIFIER = com.utuvo.UTUVOTypeiOSTests;
				SDKROOT = iphoneos;
				TARGETED_DEVICE_FAMILY = "1,2";
				TEST_HOST = "$(BUILT_PRODUCTS_DIR)/UTUVOTypeiOS.app/UTUVOTypeiOS";
			};
			name = Release;
		};
		A688E1E1310188D3D519B5C5 /* Release */ = {
			isa = XCBuildConfiguration;
			buildSettings = {
				CODE_SIGN_ENTITLEMENTS = Keyboard/UTUVOKeyboard.entitlements;
				INFOPLIST_FILE = Keyboard/Info.plist;
				LD_RUNPATH_SEARCH_PATHS = (
					"$(inherited)",
					"@executable_path/Frameworks",
					"@executable_path/../../Frameworks",
				);
				PRODUCT_BUNDLE_IDENTIFIER = com.utuvo.type.ios.keyboard;
				SDKROOT = iphoneos;
				SWIFT_OBJC_BRIDGING_HEADER = "Keyboard/UTUVOKeyboard-Bridging-Header.h";
				TARGETED_DEVICE_FAMILY = 1;
			};
			name = Release;
		};
		A9E21C1F5E0E814C887FFDBA /* Debug */ = {
			isa = XCBuildConfiguration;
			buildSettings = {
				CODE_SIGN_ENTITLEMENTS = Keyboard/UTUVOKeyboard.entitlements;
				INFOPLIST_FILE = Keyboard/Info.plist;
				LD_RUNPATH_SEARCH_PATHS = (
					"$(inherited)",
					"@executable_path/Frameworks",
					"@executable_path/../../Frameworks",
				);
				PRODUCT_BUNDLE_IDENTIFIER = com.utuvo.type.ios.keyboard;
				SDKROOT = iphoneos;
				SWIFT_OBJC_BRIDGING_HEADER = "Keyboard/UTUVOKeyboard-Bridging-Header.h";
				TARGETED_DEVICE_FAMILY = 1;
			};
			name = Debug;
		};
		B6CD95CFFAE1BDFEF430BAEB /* Debug */ = {
			isa = XCBuildConfiguration;
			buildSettings = {
				BUNDLE_LOADER = "$(TEST_HOST)";
				GENERATE_INFOPLIST_FILE = YES;
				LD_RUNPATH_SEARCH_PATHS = (
					"$(inherited)",
					"@executable_path/Frameworks",
					"@loader_path/Frameworks",
				);
				PRODUCT_BUNDLE_IDENTIFIER = com.utuvo.UTUVOTypeiOSTests;
				SDKROOT = iphoneos;
				TARGETED_DEVICE_FAMILY = "1,2";
				TEST_HOST = "$(BUILT_PRODUCTS_DIR)/UTUVOTypeiOS.app/UTUVOTypeiOS";
			};
			name = Debug;
		};
		C054E1CF2E9679667B056F94 /* Release */ = {
			isa = XCBuildConfiguration;
			buildSettings = {
				ALWAYS_SEARCH_USER_PATHS = NO;
				CLANG_ANALYZER_NONNULL = YES;
				CLANG_ANALYZER_NUMBER_OBJECT_CONVERSION = YES_AGGRESSIVE;
				CLANG_CXX_LANGUAGE_STANDARD = "gnu++14";
				CLANG_CXX_LIBRARY = "libc++";
				CLANG_ENABLE_MODULES = YES;
				CLANG_ENABLE_OBJC_ARC = YES;
				CLANG_ENABLE_OBJC_WEAK = YES;
				CLANG_WARN_BLOCK_CAPTURE_AUTORELEASING = YES;
				CLANG_WARN_BOOL_CONVERSION = YES;
				CLANG_WARN_COMMA = YES;
				CLANG_WARN_CONSTANT_CONVERSION = YES;
				CLANG_WARN_DEPRECATED_OBJC_IMPLEMENTATIONS = YES;
				CLANG_WARN_DIRECT_OBJC_ISA_USAGE = YES_ERROR;
				CLANG_WARN_DOCUMENTATION_COMMENTS = YES;
				CLANG_WARN_EMPTY_BODY = YES;
				CLANG_WARN_ENUM_CONVERSION = YES;
				CLANG_WARN_INFINITE_RECURSION = YES;
				CLANG_WARN_INT_CONVERSION = YES;
				CLANG_WARN_NON_LITERAL_NULL_CONVERSION = YES;
				CLANG_WARN_OBJC_IMPLICIT_RETAIN_SELF = YES;
				CLANG_WARN_OBJC_LITERAL_CONVERSION = YES;
				CLANG_WARN_OBJC_ROOT_CLASS = YES_ERROR;
				CLANG_WARN_QUOTED_INCLUDE_IN_FRAMEWORK_HEADER = YES;
				CLANG_WARN_RANGE_LOOP_ANALYSIS = YES;
				CLANG_WARN_STRICT_PROTOTYPES = YES;
				CLANG_WARN_SUSPICIOUS_MOVE = YES;
				CLANG_WARN_UNGUARDED_AVAILABILITY = YES_AGGRESSIVE;
				CLANG_WARN_UNREACHABLE_CODE = YES;
				CLANG_WARN__DUPLICATE_METHOD_MATCH = YES;
				CODE_SIGN_STYLE = Automatic;
				COPY_PHASE_STRIP = NO;
				CURRENT_PROJECT_VERSION = 11;
				DEBUG_INFORMATION_FORMAT = "dwarf-with-dsym";
				DEVELOPMENT_TEAM = RPNT54P79S;
				ENABLE_NS_ASSERTIONS = NO;
				ENABLE_STRICT_OBJC_MSGSEND = YES;
				GCC_C_LANGUAGE_STANDARD = gnu11;
				GCC_NO_COMMON_BLOCKS = YES;
				GCC_WARN_64_TO_32_BIT_CONVERSION = YES;
				GCC_WARN_ABOUT_RETURN_TYPE = YES_ERROR;
				GCC_WARN_UNDECLARED_SELECTOR = YES;
				GCC_WARN_UNINITIALIZED_AUTOS = YES_AGGRESSIVE;
				GCC_WARN_UNUSED_FUNCTION = YES;
				GCC_WARN_UNUSED_VARIABLE = YES;
				IPHONEOS_DEPLOYMENT_TARGET = 17.0;
				MARKETING_VERSION = 0.2.0;
				MTL_ENABLE_DEBUG_INFO = NO;
				MTL_FAST_MATH = YES;
				PRODUCT_NAME = "$(TARGET_NAME)";
				SDKROOT = iphoneos;
				SWIFT_COMPILATION_MODE = wholemodule;
				SWIFT_OPTIMIZATION_LEVEL = "-O";
				SWIFT_VERSION = 6.0;
			};
			name = Release;
		};
		D58E78EBD1BE0D75EEDD6898 /* Release */ = {
			isa = XCBuildConfiguration;
			buildSettings = {
				BUNDLE_LOADER = "$(TEST_HOST)";
				GENERATE_INFOPLIST_FILE = YES;
				LD_RUNPATH_SEARCH_PATHS = (
					"$(inherited)",
					"@executable_path/Frameworks",
					"@loader_path/Frameworks",
				);
				PRODUCT_BUNDLE_IDENTIFIER = com.utuvo.UTUVOTypeiOSUITests;
				SDKROOT = iphoneos;
				TARGETED_DEVICE_FAMILY = "1,2";
				TEST_TARGET_NAME = UTUVOTypeiOS;
			};
			name = Release;
		};
		DE5992B918929F15B9C740CE /* Debug */ = {
			isa = XCBuildConfiguration;
			buildSettings = {
				ALWAYS_SEARCH_USER_PATHS = NO;
				CLANG_ANALYZER_NONNULL = YES;
				CLANG_ANALYZER_NUMBER_OBJECT_CONVERSION = YES_AGGRESSIVE;
				CLANG_CXX_LANGUAGE_STANDARD = "gnu++14";
				CLANG_CXX_LIBRARY = "libc++";
				CLANG_ENABLE_MODULES = YES;
				CLANG_ENABLE_OBJC_ARC = YES;
				CLANG_ENABLE_OBJC_WEAK = YES;
				CLANG_WARN_BLOCK_CAPTURE_AUTORELEASING = YES;
				CLANG_WARN_BOOL_CONVERSION = YES;
				CLANG_WARN_COMMA = YES;
				CLANG_WARN_CONSTANT_CONVERSION = YES;
				CLANG_WARN_DEPRECATED_OBJC_IMPLEMENTATIONS = YES;
				CLANG_WARN_DIRECT_OBJC_ISA_USAGE = YES_ERROR;
				CLANG_WARN_DOCUMENTATION_COMMENTS = YES;
				CLANG_WARN_EMPTY_BODY = YES;
				CLANG_WARN_ENUM_CONVERSION = YES;
				CLANG_WARN_INFINITE_RECURSION = YES;
				CLANG_WARN_INT_CONVERSION = YES;
				CLANG_WARN_NON_LITERAL_NULL_CONVERSION = YES;
				CLANG_WARN_OBJC_IMPLICIT_RETAIN_SELF = YES;
				CLANG_WARN_OBJC_LITERAL_CONVERSION = YES;
				CLANG_WARN_OBJC_ROOT_CLASS = YES_ERROR;
				CLANG_WARN_QUOTED_INCLUDE_IN_FRAMEWORK_HEADER = YES;
				CLANG_WARN_RANGE_LOOP_ANALYSIS = YES;
				CLANG_WARN_STRICT_PROTOTYPES = YES;
				CLANG_WARN_SUSPICIOUS_MOVE = YES;
				CLANG_WARN_UNGUARDED_AVAILABILITY = YES_AGGRESSIVE;
				CLANG_WARN_UNREACHABLE_CODE = YES;
				CLANG_WARN__DUPLICATE_METHOD_MATCH = YES;
				CODE_SIGN_STYLE = Automatic;
				COPY_PHASE_STRIP = NO;
				CURRENT_PROJECT_VERSION = 11;
				DEBUG_INFORMATION_FORMAT = dwarf;
				DEVELOPMENT_TEAM = RPNT54P79S;
				ENABLE_STRICT_OBJC_MSGSEND = YES;
				ENABLE_TESTABILITY = YES;
				GCC_C_LANGUAGE_STANDARD = gnu11;
				GCC_DYNAMIC_NO_PIC = NO;
				GCC_NO_COMMON_BLOCKS = YES;
				GCC_OPTIMIZATION_LEVEL = 0;
				GCC_PREPROCESSOR_DEFINITIONS = (
					"$(inherited)",
					"DEBUG=1",
				);
				GCC_WARN_64_TO_32_BIT_CONVERSION = YES;
				GCC_WARN_ABOUT_RETURN_TYPE = YES_ERROR;
				GCC_WARN_UNDECLARED_SELECTOR = YES;
				GCC_WARN_UNINITIALIZED_AUTOS = YES_AGGRESSIVE;
				GCC_WARN_UNUSED_FUNCTION = YES;
				GCC_WARN_UNUSED_VARIABLE = YES;
				IPHONEOS_DEPLOYMENT_TARGET = 17.0;
				MARKETING_VERSION = 0.2.0;
				MTL_ENABLE_DEBUG_INFO = INCLUDE_SOURCE;
				MTL_FAST_MATH = YES;
				ONLY_ACTIVE_ARCH = YES;
				PRODUCT_NAME = "$(TARGET_NAME)";
				SDKROOT = iphoneos;
				SWIFT_ACTIVE_COMPILATION_CONDITIONS = DEBUG;
				SWIFT_OPTIMIZATION_LEVEL = "-Onone";
				SWIFT_VERSION = 6.0;
			};
			name = Debug;
		};
/* End XCBuildConfiguration section */

/* Begin XCConfigurationList section */
		25712540FB2AC63918734458 /* Build configuration list for PBXProject "UTUVO Type" */ = {
			isa = XCConfigurationList;
			buildConfigurations = (
				DE5992B918929F15B9C740CE /* Debug */,
				C054E1CF2E9679667B056F94 /* Release */,
			);
			defaultConfigurationIsVisible = 0;
			defaultConfigurationName = Debug;
		};
		28F5265D0871F290D795E51F /* Build configuration list for PBXNativeTarget "UTUVOTypeiOSUITests" */ = {
			isa = XCConfigurationList;
			buildConfigurations = (
				7B34F9DFAC48D6AADB0B3BD6 /* Debug */,
				D58E78EBD1BE0D75EEDD6898 /* Release */,
			);
			defaultConfigurationIsVisible = 0;
			defaultConfigurationName = Debug;
		};
		2C5C50D31BCAD4988F77076D /* Build configuration list for PBXNativeTarget "UTUVOTypeiOSTests" */ = {
			isa = XCConfigurationList;
			buildConfigurations = (
				B6CD95CFFAE1BDFEF430BAEB /* Debug */,
				92ABDC8A1112A5A796B38FD3 /* Release */,
			);
			defaultConfigurationIsVisible = 0;
			defaultConfigurationName = Debug;
		};
		3525D432BE6281DCCDC31FA0 /* Build configuration list for PBXNativeTarget "UTUVOTypeiOS" */ = {
			isa = XCConfigurationList;
			buildConfigurations = (
				2AAA1CDE4AA66BC067FEDC19 /* Debug */,
				050ED48343AEAE53CA23E9E3 /* Release */,
			);
			defaultConfigurationIsVisible = 0;
			defaultConfigurationName = Debug;
		};
		BDF2A8BDA1237FC8FD2E3CD7 /* Build configuration list for PBXNativeTarget "UTUVOKeyboard" */ = {
			isa = XCConfigurationList;
			buildConfigurations = (
				A9E21C1F5E0E814C887FFDBA /* Debug */,
				A688E1E1310188D3D519B5C5 /* Release */,
			);
			defaultConfigurationIsVisible = 0;
			defaultConfigurationName = Debug;
		};
/* End XCConfigurationList section */

/* Begin XCLocalSwiftPackageReference section */
		0F43B24CF5E9417AC23F7B73 /* XCLocalSwiftPackageReference ".." */ = {
			isa = XCLocalSwiftPackageReference;
			relativePath = ..;
		};
/* End XCLocalSwiftPackageReference section */

/* Begin XCSwiftPackageProductDependency section */
		B317D0E8ED7CEEFD7EDA6DF9 /* UTUVOTypeCore */ = {
			isa = XCSwiftPackageProductDependency;
			productName = UTUVOTypeCore;
		};
		C231CF0DA45A8B785CA9D0C8 /* UTUVOTypeCore */ = {
			isa = XCSwiftPackageProductDependency;
			productName = UTUVOTypeCore;
		};
/* End XCSwiftPackageProductDependency section */
	};
	rootObject = 6261C68AB09D57F86AD421CE /* Project object */;
}
